
Microsoft Visual Studio Solution File, Format Version 11.00
# Visual Studio 2010
Project("{8BC9CEB8-8B4A-11D0-8D11-00A0C91BC942}") = "MUL_cvicenie", "MUL_cvicenie.vcxproj", "{F50AB3B4-FAD2-4BAC-9C23-4573CC0E7AE4}"
EndProject
Global
	GlobalSection(SolutionConfigurationPlatforms) = preSolution
		Debug|Win32 = Debug|Win32
		Release|Win32 = Release|Win32
	EndGlobalSection
	GlobalSection(ProjectConfigurationPlatforms) = postSolution
		{F50AB3B4-FAD2-4BAC-9C23-4573CC0E7AE4}.Debug|Win32.ActiveCfg = Debug|Win32
		{F50AB3B4-FAD2-4BAC-9C23-4573CC0E7AE4}.Debug|Win32.Build.0 = Debug|Win32
		{F50AB3B4-FAD2-4BAC-9C23-4573CC0E7AE4}.Release|Win32.ActiveCfg = Release|Win32
		{F50AB3B4-FAD2-4BAC-9C23-4573CC0E7AE4}.Release|Win32.Build.0 = Release|Win32
	EndGlobalSection
	GlobalSection(SolutionProperties) = preSolution
		HideSolutionNode = FALSE
	EndGlobalSection
EndGlobal
